
Microsoft Visual Studio Solution File, Format Version 12.00
# Visual Studio Version 17
VisualStudioVersion = 17.6.33815.320
MinimumVisualStudioVersion = 10.0.40219.1
Project("{FAE04EC0-301F-11D3-BF4B-00C04F79EFBC}") = "LibraryApp", "LibraryApp.csproj", "{A9C57752-8399-4A67-803E-66E2BCD5E96D}"
EndProject
Global
	GlobalSection(SolutionConfigurationPlatforms) = preSolution
		Debug|Any CPU = Debug|Any CPU
		Release|Any CPU = Release|Any CPU
	EndGlobalSection
	GlobalSection(ProjectConfigurationPlatforms) = postSolution
		{A9C57752-8399-4A67-803E-66E2BCD5E96D}.Debug|Any CPU.ActiveCfg = Debug|Any CPU
		{A9C57752-8399-4A67-803E-66E2BCD5E96D}.Debug|Any CPU.Build.0 = Debug|Any CPU
		{A9C57752-8399-4A67-803E-66E2BCD5E96D}.Release|Any CPU.ActiveCfg = Release|Any CPU
		{A9C57752-8399-4A67-803E-66E2BCD5E96D}.Release|Any CPU.Build.0 = Release|Any CPU
	EndGlobalSection
	GlobalSection(SolutionProperties) = preSolution
		HideSolutionNode = FALSE
	EndGlobalSection
	GlobalSection(ExtensibilityGlobals) = postSolution
		SolutionGuid = {D1068ECB-1106-48A3-AE1C-F2AC2FC3EFB4}
	EndGlobalSection
EndGlobal
